%{
  "benchee": {:hex, :benchee, "1.5.0", "4d812c31d54b0ec0167e91278e7de3f596324a78a096fd3d0bea68bb0c513b10", [:mix], [{:deep_merge, "~> 1.0", [hex: :deep_merge, repo: "hexpm", optional: false]}, {:statistex, "~> 1.1", [hex: :statistex, repo: "hexpm", optional: false]}, {:table, "~> 0.1.0", [hex: :table, repo: "hexpm", optional: true]}], "hexpm", "5b075393aea81b8ae74eadd1c28b1d87e8a63696c649d8293db7c4df3eb67535"},
  "deep_merge": {:hex, :deep_merge, "1.0.0", "b4aa1a0d1acac393bdf38b2291af38cb1d4a52806cf7a4906f718e1feb5ee961", [:mix], [], "hexpm", "ce708e5f094b9cd4e8f2be4f00d2f4250c4095be93f8cd6d018c753894885430"},
  "fast_ngram": {:hex, :fast_ngram, "1.2.0", "0652c25d3f66e69e6780121cf19200442fe70da689b39ccaa8998da6ee2f65cc", [:mix], [], "hexpm", "90c949c5b00314d8117a5bf2fbf6a05ef945ce4cad66a47bc26f8d9ec30dc1bd"},
  "jason": {:hex, :jason, "1.4.4", "b9226785a9aa77b6857ca22832cffa5d5011a667207eb2a0ad56adb5db443b8a", [:mix], [{:decimal, "~> 1.0 or ~> 2.0", [hex: :decimal, repo: "hexpm", optional: true]}], "hexpm", "c5eb0cab91f094599f94d55bc63409236a8ec69a21a67814529e8d5f6cc90b3b"},
  "rustler": {:hex, :rustler, "0.37.1", "721434020c7f6f8e1cdc57f44f75c490435b01de96384f8ccb96043f12e8a7e0", [:mix], [{:jason, "~> 1.0", [hex: :jason, repo: "hexpm", optional: false]}], "hexpm", "24547e9b8640cf00e6a2071acb710f3e12ce0346692e45098d84d45cdb54fd79"},
  "simhash": {:git, "https://github.com/UniversalAvenue/simhash-ex", "e04aa014e39ea2a7f53baf30f9d23c1e7cf6cd21", []},
  "similarity": {:git, "https://github.com/preciz/similarity", "23f927cee384a6fbaa936da8019c4693deff926e", []},
  "siphash": {:hex, :siphash, "3.1.3", "3cd04a2194f13bf0539e6d18c74a76bb9fe4ef106ae26bb733e5f876df37f4cc", [:make, :mix], [], "hexpm", "0e22ea506c2fc6657ef83662b679240a2ea2fd4b5e443ab5cba233c3ba580beb"},
  "spirit_fingers": {:hex, :spirit_fingers, "0.5.1", "0a0bf6b1a46f407fb91503f05032535fa5a3eef5620f4cac3b004e58f95a0af2", [:mix], [{:rustler, "~> 0.37.1", [hex: :rustler, repo: "hexpm", optional: false]}], "hexpm", "b052f1c55b11eb15edac2c67f5023cc0dd50ec97d78d64a5edc190abc7c2fb0b"},
  "statistex": {:hex, :statistex, "1.1.0", "7fec1eb2f580a0d2c1a05ed27396a084ab064a40cfc84246dbfb0c72a5c761e5", [:mix], [], "hexpm", "f5950ea26ad43246ba2cce54324ac394a4e7408fdcf98b8e230f503a0cba9cf5"},
}
